// !$*UTF8*$!
{
	archiveVersion = 1;
	classes = {
	};
	objectVersion = 56;
	objects = {

/* Begin PBXBuildFile section */
		266367CB96DFC05A3C162DC0 /* Pods_GreekWords.framework in Frameworks */ = {isa = PBXBuildFile; fileRef = 6733171F95817C97DF301397 /* Pods_GreekWords.framework */; };
		8440E8472CE633D3008CF962 /* AppReviewService.swift in Sources */ = {isa = PBXBuildFile; fileRef = 8440E8462CE633D3008CF962 /* AppReviewService.swift */; };
		8455982E2B1F15A60092A567 /* WordService.swift in Sources */ = {isa = PBXBuildFile; fileRef = 8455982D2B1F15A60092A567 /* WordService.swift */; };
		845598302B1F16120092A567 /* GroupsViewController.swift in Sources */ = {isa = PBXBuildFile; fileRef = 8455982F2B1F16120092A567 /* GroupsViewController.swift */; };
		845598322B1F18C60092A567 /* CellTableView.swift in Sources */ = {isa = PBXBuildFile; fileRef = 845598312B1F18C60092A567 /* CellTableView.swift */; };
		845598352B1F9A400092A567 /* readme.md in Resources */ = {isa = PBXBuildFile; fileRef = 845598342B1F9A400092A567 /* readme.md */; };
		8464042E2B91B4A800686B37 /* WordDayManager.swift in Sources */ = {isa = PBXBuildFile; fileRef = 8464042D2B91B4A800686B37 /* WordDayManager.swift */; };
		847ADDA22B83960500F8A2A8 /* WordLabel.swift in Sources */ = {isa = PBXBuildFile; fileRef = 847ADDA12B83960500F8A2A8 /* WordLabel.swift */; };
		847ADDA42B83AA6600F8A2A8 /* LetterButton.swift in Sources */ = {isa = PBXBuildFile; fileRef = 847ADDA32B83AA6600F8A2A8 /* LetterButton.swift */; };
		84B42B162B1DBF4400C08F31 /* AppDelegate.swift in Sources */ = {isa = PBXBuildFile; fileRef = 84B42B152B1DBF4400C08F31 /* AppDelegate.swift */; };
		84B42B182B1DBF4400C08F31 /* SceneDelegate.swift in Sources */ = {isa = PBXBuildFile; fileRef = 84B42B172B1DBF4400C08F31 /* SceneDelegate.swift */; };
		84B42B1A2B1DBF4400C08F31 /* GreekWordViewController.swift in Sources */ = {isa = PBXBuildFile; fileRef = 84B42B192B1DBF4400C08F31 /* GreekWordViewController.swift */; };
		84B42B1F2B1DBF4500C08F31 /* Assets.xcassets in Resources */ = {isa = PBXBuildFile; fileRef = 84B42B1E2B1DBF4500C08F31 /* Assets.xcassets */; };
		84B42B222B1DBF4500C08F31 /* LaunchScreen.storyboard in Resources */ = {isa = PBXBuildFile; fileRef = 84B42B202B1DBF4500C08F31 /* LaunchScreen.storyboard */; };
		84B42B352B1DD04800C08F31 /* NetworkService.swift in Sources */ = {isa = PBXBuildFile; fileRef = 84B42B342B1DD04800C08F31 /* NetworkService.swift */; };
		84B42B382B1DD0E200C08F31 /* Words.swift in Sources */ = {isa = PBXBuildFile; fileRef = 84B42B372B1DD0E200C08F31 /* Words.swift */; };
		84B42B3D2B1E101F00C08F31 /* OptionButton.swift in Sources */ = {isa = PBXBuildFile; fileRef = 84B42B3C2B1E101F00C08F31 /* OptionButton.swift */; };
		84DAFD4D2B7625DA008C6B10 /* ChooseTypeViewController.swift in Sources */ = {isa = PBXBuildFile; fileRef = 84DAFD4C2B7625DA008C6B10 /* ChooseTypeViewController.swift */; };
		84DCEEE52CE4EDEF004BE65F /* InfoPageViewController.swift in Sources */ = {isa = PBXBuildFile; fileRef = 84DCEEE42CE4EDEF004BE65F /* InfoPageViewController.swift */; };
		84DFF2572B209BB80028553C /* AlertPresenter.swift in Sources */ = {isa = PBXBuildFile; fileRef = 84DFF2562B209BB80028553C /* AlertPresenter.swift */; };
		84DFF2592B209BF50028553C /* AlertModel.swift in Sources */ = {isa = PBXBuildFile; fileRef = 84DFF2582B209BF50028553C /* AlertModel.swift */; };
		84E90CB12C107BFC00E47C21 /* UILabel+Extensions.swift in Sources */ = {isa = PBXBuildFile; fileRef = 84E90CB02C107BFC00E47C21 /* UILabel+Extensions.swift */; };
/* End PBXBuildFile section */

/* Begin PBXFileReference section */
		381702026782DC1308885D5E /* Pods-GreekWords.release.xcconfig */ = {isa = PBXFileReference; includeInIndex = 1; lastKnownFileType = text.xcconfig; name = "Pods-GreekWords.release.xcconfig"; path = "Target Support Files/Pods-GreekWords/Pods-GreekWords.release.xcconfig"; sourceTree = "<group>"; };
		4950AA062976F71594D6F98E /* Pods-GreekWords.debug.xcconfig */ = {isa = PBXFileReference; includeInIndex = 1; lastKnownFileType = text.xcconfig; name = "Pods-GreekWords.debug.xcconfig"; path = "Target Support Files/Pods-GreekWords/Pods-GreekWords.debug.xcconfig"; sourceTree = "<group>"; };
		6733171F95817C97DF301397 /* Pods_GreekWords.framework */ = {isa = PBXFileReference; explicitFileType = wrapper.framework; includeInIndex = 0; path = Pods_GreekWords.framework; sourceTree = BUILT_PRODUCTS_DIR; };
		8440E8462CE633D3008CF962 /* AppReviewService.swift */ = {isa = PBXFileReference; lastKnownFileType = sourcecode.swift; path = AppReviewService.swift; sourceTree = "<group>"; };
		8455982D2B1F15A60092A567 /* WordService.swift */ = {isa = PBXFileReference; lastKnownFileType = sourcecode.swift; path = WordService.swift; sourceTree = "<group>"; };
		8455982F2B1F16120092A567 /* GroupsViewController.swift */ = {isa = PBXFileReference; lastKnownFileType = sourcecode.swift; path = GroupsViewController.swift; sourceTree = "<group>"; };
		845598312B1F18C60092A567 /* CellTableView.swift */ = {isa = PBXFileReference; lastKnownFileType = sourcecode.swift; path = CellTableView.swift; sourceTree = "<group>"; };
		845598342B1F9A400092A567 /* readme.md */ = {isa = PBXFileReference; lastKnownFileType = net.daringfireball.markdown; path = readme.md; sourceTree = "<group>"; };
		8464042D2B91B4A800686B37 /* WordDayManager.swift */ = {isa = PBXFileReference; lastKnownFileType = sourcecode.swift; path = WordDayManager.swift; sourceTree = "<group>"; };
		847ADDA12B83960500F8A2A8 /* WordLabel.swift */ = {isa = PBXFileReference; lastKnownFileType = sourcecode.swift; path = WordLabel.swift; sourceTree = "<group>"; };
		847ADDA32B83AA6600F8A2A8 /* LetterButton.swift */ = {isa = PBXFileReference; lastKnownFileType = sourcecode.swift; path = LetterButton.swift; sourceTree = "<group>"; };
		84B42B122B1DBF4400C08F31 /* GreekWords.app */ = {isa = PBXFileReference; explicitFileType = wrapper.application; includeInIndex = 0; path = GreekWords.app; sourceTree = BUILT_PRODUCTS_DIR; };
		84B42B152B1DBF4400C08F31 /* AppDelegate.swift */ = {isa = PBXFileReference; lastKnownFileType = sourcecode.swift; path = AppDelegate.swift; sourceTree = "<group>"; };
		84B42B172B1DBF4400C08F31 /* SceneDelegate.swift */ = {isa = PBXFileReference; lastKnownFileType = sourcecode.swift; path = SceneDelegate.swift; sourceTree = "<group>"; };
		84B42B192B1DBF4400C08F31 /* GreekWordViewController.swift */ = {isa = PBXFileReference; lastKnownFileType = sourcecode.swift; path = GreekWordViewController.swift; sourceTree = "<group>"; };
		84B42B1E2B1DBF4500C08F31 /* Assets.xcassets */ = {isa = PBXFileReference; lastKnownFileType = folder.assetcatalog; path = Assets.xcassets; sourceTree = "<group>"; };
		84B42B212B1DBF4500C08F31 /* Base */ = {isa = PBXFileReference; lastKnownFileType = file.storyboard; name = Base; path = Base.lproj/LaunchScreen.storyboard; sourceTree = "<group>"; };
		84B42B232B1DBF4500C08F31 /* Info.plist */ = {isa = PBXFileReference; lastKnownFileType = text.plist.xml; path = Info.plist; sourceTree = "<group>"; };
		84B42B342B1DD04800C08F31 /* NetworkService.swift */ = {isa = PBXFileReference; lastKnownFileType = sourcecode.swift; path = NetworkService.swift; sourceTree = "<group>"; };
		84B42B372B1DD0E200C08F31 /* Words.swift */ = {isa = PBXFileReference; lastKnownFileType = sourcecode.swift; path = Words.swift; sourceTree = "<group>"; };
		84B42B3C2B1E101F00C08F31 /* OptionButton.swift */ = {isa = PBXFileReference; lastKnownFileType = sourcecode.swift; path = OptionButton.swift; sourceTree = "<group>"; };
		84DAFD4C2B7625DA008C6B10 /* ChooseTypeViewController.swift */ = {isa = PBXFileReference; lastKnownFileType = sourcecode.swift; path = ChooseTypeViewController.swift; sourceTree = "<group>"; };
		84DCEEE42CE4EDEF004BE65F /* InfoPageViewController.swift */ = {isa = PBXFileReference; lastKnownFileType = sourcecode.swift; path = InfoPageViewController.swift; sourceTree = "<group>"; };
		84DFF2562B209BB80028553C /* AlertPresenter.swift */ = {isa = PBXFileReference; lastKnownFileType = sourcecode.swift; path = AlertPresenter.swift; sourceTree = "<group>"; };
		84DFF2582B209BF50028553C /* AlertModel.swift */ = {isa = PBXFileReference; lastKnownFileType = sourcecode.swift; path = AlertModel.swift; sourceTree = "<group>"; };
		84E90CB02C107BFC00E47C21 /* UILabel+Extensions.swift */ = {isa = PBXFileReference; lastKnownFileType = sourcecode.swift; path = "UILabel+Extensions.swift"; sourceTree = "<group>"; };
/* End PBXFileReference section */

/* Begin PBXFrameworksBuildPhase section */
		84B42B0F2B1DBF4400C08F31 /* Frameworks */ = {
			isa = PBXFrameworksBuildPhase;
			buildActionMask = 2147483647;
			files = (
				266367CB96DFC05A3C162DC0 /* Pods_GreekWords.framework in Frameworks */,
			);
			runOnlyForDeploymentPostprocessing = 0;
		};
/* End PBXFrameworksBuildPhase section */

/* Begin PBXGroup section */
		4242FFED69455E6E122595C4 /* Pods */ = {
			isa = PBXGroup;
			children = (
				4950AA062976F71594D6F98E /* Pods-GreekWords.debug.xcconfig */,
				381702026782DC1308885D5E /* Pods-GreekWords.release.xcconfig */,
			);
			path = Pods;
			sourceTree = "<group>";
		};
		845598332B1F194B0092A567 /* ViewControllers */ = {
			isa = PBXGroup;
			children = (
				84DCEEE42CE4EDEF004BE65F /* InfoPageViewController.swift */,
				84DAFD4C2B7625DA008C6B10 /* ChooseTypeViewController.swift */,
				8455982F2B1F16120092A567 /* GroupsViewController.swift */,
				845598312B1F18C60092A567 /* CellTableView.swift */,
				84B42B192B1DBF4400C08F31 /* GreekWordViewController.swift */,
			);
			path = ViewControllers;
			sourceTree = "<group>";
		};
		84B42B092B1DBF4400C08F31 = {
			isa = PBXGroup;
			children = (
				845598342B1F9A400092A567 /* readme.md */,
				84B42B142B1DBF4400C08F31 /* GreekWords */,
				84B42B132B1DBF4400C08F31 /* Products */,
				4242FFED69455E6E122595C4 /* Pods */,
				C53DBEFCF17D0E0B966024EB /* Frameworks */,
			);
			sourceTree = "<group>";
		};
		84B42B132B1DBF4400C08F31 /* Products */ = {
			isa = PBXGroup;
			children = (
				84B42B122B1DBF4400C08F31 /* GreekWords.app */,
			);
			name = Products;
			sourceTree = "<group>";
		};
		84B42B142B1DBF4400C08F31 /* GreekWords */ = {
			isa = PBXGroup;
			children = (
				84B42B152B1DBF4400C08F31 /* AppDelegate.swift */,
				84B42B172B1DBF4400C08F31 /* SceneDelegate.swift */,
				845598332B1F194B0092A567 /* ViewControllers */,
				84B42B3B2B1E100100C08F31 /* Views */,
				84B42B362B1DD0C300C08F31 /* Models */,
				84B42B332B1DD03500C08F31 /* Service */,
				84B42B1E2B1DBF4500C08F31 /* Assets.xcassets */,
				84B42B202B1DBF4500C08F31 /* LaunchScreen.storyboard */,
				84B42B232B1DBF4500C08F31 /* Info.plist */,
			);
			path = GreekWords;
			sourceTree = "<group>";
		};
		84B42B332B1DD03500C08F31 /* Service */ = {
			isa = PBXGroup;
			children = (
				84B42B342B1DD04800C08F31 /* NetworkService.swift */,
				8455982D2B1F15A60092A567 /* WordService.swift */,
				8464042D2B91B4A800686B37 /* WordDayManager.swift */,
				8440E8462CE633D3008CF962 /* AppReviewService.swift */,
				84DFF2562B209BB80028553C /* AlertPresenter.swift */,
			);
			path = Service;
			sourceTree = "<group>";
		};
		84B42B362B1DD0C300C08F31 /* Models */ = {
			isa = PBXGroup;
			children = (
				84B42B372B1DD0E200C08F31 /* Words.swift */,
				84DFF2582B209BF50028553C /* AlertModel.swift */,
			);
			path = Models;
			sourceTree = "<group>";
		};
		84B42B3B2B1E100100C08F31 /* Views */ = {
			isa = PBXGroup;
			children = (
				84B42B3C2B1E101F00C08F31 /* OptionButton.swift */,
				847ADDA12B83960500F8A2A8 /* WordLabel.swift */,
				847ADDA32B83AA6600F8A2A8 /* LetterButton.swift */,
				84E90CB02C107BFC00E47C21 /* UILabel+Extensions.swift */,
			);
			path = Views;
			sourceTree = "<group>";
		};
		C53DBEFCF17D0E0B966024EB /* Frameworks */ = {
			isa = PBXGroup;
			children = (
				6733171F95817C97DF301397 /* Pods_GreekWords.framework */,
			);
			name = Frameworks;
			sourceTree = "<group>";
		};
/* End PBXGroup section */

/* Begin PBXNativeTarget section */
		84B42B112B1DBF4400C08F31 /* GreekWords */ = {
			isa = PBXNativeTarget;
			buildConfigurationList = 84B42B262B1DBF4500C08F31 /* Build configuration list for PBXNativeTarget "GreekWords" */;
			buildPhases = (
				BC74CB2758F66FA4DCE1A33C /* [CP] Check Pods Manifest.lock */,
				84B42B0E2B1DBF4400C08F31 /* Sources */,
				84B42B0F2B1DBF4400C08F31 /* Frameworks */,
				84B42B102B1DBF4400C08F31 /* Resources */,
				84B42B322B1DCDB700C08F31 /* ShellScript */,
			);
			buildRules = (
			);
			dependencies = (
			);
			name = GreekWords;
			productName = GreekWords;
			productReference = 84B42B122B1DBF4400C08F31 /* GreekWords.app */;
			productType = "com.apple.product-type.application";
		};
/* End PBXNativeTarget section */

/* Begin PBXProject section */
		84B42B0A2B1DBF4400C08F31 /* Project object */ = {
			isa = PBXProject;
			attributes = {
				BuildIndependentTargetsInParallel = 1;
				LastSwiftUpdateCheck = 1500;
				LastUpgradeCheck = 1500;
				TargetAttributes = {
					84B42B112B1DBF4400C08F31 = {
						CreatedOnToolsVersion = 15.0;
					};
				};
			};
			buildConfigurationList = 84B42B0D2B1DBF4400C08F31 /* Build configuration list for PBXProject "GreekWords" */;
			compatibilityVersion = "Xcode 14.0";
			developmentRegion = en;
			hasScannedForEncodings = 0;
			knownRegions = (
				en,
				Base,
			);
			mainGroup = 84B42B092B1DBF4400C08F31;
			productRefGroup = 84B42B132B1DBF4400C08F31 /* Products */;
			projectDirPath = "";
			projectRoot = "";
			targets = (
				84B42B112B1DBF4400C08F31 /* GreekWords */,
			);
		};
/* End PBXProject section */

/* Begin PBXResourcesBuildPhase section */
		84B42B102B1DBF4400C08F31 /* Resources */ = {
			isa = PBXResourcesBuildPhase;
			buildActionMask = 2147483647;
			files = (
				84B42B222B1DBF4500C08F31 /* LaunchScreen.storyboard in Resources */,
				845598352B1F9A400092A567 /* readme.md in Resources */,
				84B42B1F2B1DBF4500C08F31 /* Assets.xcassets in Resources */,
			);
			runOnlyForDeploymentPostprocessing = 0;
		};
/* End PBXResourcesBuildPhase section */

/* Begin PBXShellScriptBuildPhase section */
		84B42B322B1DCDB700C08F31 /* ShellScript */ = {
			isa = PBXShellScriptBuildPhase;
			buildActionMask = 2147483647;
			files = (
			);
			inputFileListPaths = (
			);
			inputPaths = (
			);
			outputFileListPaths = (
			);
			outputPaths = (
			);
			runOnlyForDeploymentPostprocessing = 0;
			shellPath = /bin/sh;
			shellScript = "if [[ \"$(uname -m)\" == arm64 ]]; then\n    export PATH=\"/opt/homebrew/bin:$PATH\"\nfi\n\nif which swiftlint > /dev/null; then\n  swiftlint\nelse\n  echo \"warning: SwiftLint not installed, download from https://github.com/realm/SwiftLint\"\nfi\n";
		};
		BC74CB2758F66FA4DCE1A33C /* [CP] Check Pods Manifest.lock */ = {
			isa = PBXShellScriptBuildPhase;
			buildActionMask = 2147483647;
			files = (
			);
			inputFileListPaths = (
			);
			inputPaths = (
				"${PODS_PODFILE_DIR_PATH}/Podfile.lock",
				"${PODS_ROOT}/Manifest.lock",
			);
			name = "[CP] Check Pods Manifest.lock";
			outputFileListPaths = (
			);
			outputPaths = (
				"$(DERIVED_FILE_DIR)/Pods-GreekWords-checkManifestLockResult.txt",
			);
			runOnlyForDeploymentPostprocessing = 0;
			shellPath = /bin/sh;
			shellScript = "diff \"${PODS_PODFILE_DIR_PATH}/Podfile.lock\" \"${PODS_ROOT}/Manifest.lock\" > /dev/null\nif [ $? != 0 ] ; then\n    # print error to STDERR\n    echo \"error: The sandbox is not in sync with the Podfile.lock. Run 'pod install' or update your CocoaPods installation.\" >&2\n    exit 1\nfi\n# This output is used by Xcode 'outputs' to avoid re-running this script phase.\necho \"SUCCESS\" > \"${SCRIPT_OUTPUT_FILE_0}\"\n";
			showEnvVarsInLog = 0;
		};
/* End PBXShellScriptBuildPhase section */

/* Begin PBXSourcesBuildPhase section */
		84B42B0E2B1DBF4400C08F31 /* Sources */ = {
			isa = PBXSourcesBuildPhase;
			buildActionMask = 2147483647;
			files = (
				84B42B1A2B1DBF4400C08F31 /* GreekWordViewController.swift in Sources */,
				84B42B162B1DBF4400C08F31 /* AppDelegate.swift in Sources */,
				84B42B3D2B1E101F00C08F31 /* OptionButton.swift in Sources */,
				847ADDA42B83AA6600F8A2A8 /* LetterButton.swift in Sources */,
				845598322B1F18C60092A567 /* CellTableView.swift in Sources */,
				8455982E2B1F15A60092A567 /* WordService.swift in Sources */,
				84DFF2572B209BB80028553C /* AlertPresenter.swift in Sources */,
				845598302B1F16120092A567 /* GroupsViewController.swift in Sources */,
				847ADDA22B83960500F8A2A8 /* WordLabel.swift in Sources */,
				84DAFD4D2B7625DA008C6B10 /* ChooseTypeViewController.swift in Sources */,
				84B42B182B1DBF4400C08F31 /* SceneDelegate.swift in Sources */,
				84B42B352B1DD04800C08F31 /* NetworkService.swift in Sources */,
				84E90CB12C107BFC00E47C21 /* UILabel+Extensions.swift in Sources */,
				8440E8472CE633D3008CF962 /* AppReviewService.swift in Sources */,
				84DCEEE52CE4EDEF004BE65F /* InfoPageViewController.swift in Sources */,
				84DFF2592B209BF50028553C /* AlertModel.swift in Sources */,
				8464042E2B91B4A800686B37 /* WordDayManager.swift in Sources */,
				84B42B382B1DD0E200C08F31 /* Words.swift in Sources */,
			);
			runOnlyForDeploymentPostprocessing = 0;
		};
/* End PBXSourcesBuildPhase section */

/* Begin PBXVariantGroup section */
		84B42B202B1DBF4500C08F31 /* LaunchScreen.storyboard */ = {
			isa = PBXVariantGroup;
			children = (
				84B42B212B1DBF4500C08F31 /* Base */,
			);
			name = LaunchScreen.storyboard;
			sourceTree = "<group>";
		};
/* End PBXVariantGroup section */

/* Begin XCBuildConfiguration section */
		84B42B242B1DBF4500C08F31 /* Debug */ = {
			isa = XCBuildConfiguration;
			buildSettings = {
				ALWAYS_SEARCH_USER_PATHS = NO;
				ASSETCATALOG_COMPILER_GENERATE_SWIFT_ASSET_SYMBOL_EXTENSIONS = YES;
				CLANG_ANALYZER_NONNULL = YES;
				CLANG_ANALYZER_NUMBER_OBJECT_CONVERSION = YES_AGGRESSIVE;
				CLANG_CXX_LANGUAGE_STANDARD = "gnu++20";
				CLANG_ENABLE_MODULES = YES;
				CLANG_ENABLE_OBJC_ARC = YES;
				CLANG_ENABLE_OBJC_WEAK = YES;
				CLANG_WARN_BLOCK_CAPTURE_AUTORELEASING = YES;
				CLANG_WARN_BOOL_CONVERSION = YES;
				CLANG_WARN_COMMA = YES;
				CLANG_WARN_CONSTANT_CONVERSION = YES;
				CLANG_WARN_DEPRECATED_OBJC_IMPLEMENTATIONS = YES;
				CLANG_WARN_DIRECT_OBJC_ISA_USAGE = YES_ERROR;
				CLANG_WARN_DOCUMENTATION_COMMENTS = YES;
				CLANG_WARN_EMPTY_BODY = YES;
				CLANG_WARN_ENUM_CONVERSION = YES;
				CLANG_WARN_INFINITE_RECURSION = YES;
				CLANG_WARN_INT_CONVERSION = YES;
				CLANG_WARN_NON_LITERAL_NULL_CONVERSION = YES;
				CLANG_WARN_OBJC_IMPLICIT_RETAIN_SELF = YES;
				CLANG_WARN_OBJC_LITERAL_CONVERSION = YES;
				CLANG_WARN_OBJC_ROOT_CLASS = YES_ERROR;
				CLANG_WARN_QUOTED_INCLUDE_IN_FRAMEWORK_HEADER = YES;
				CLANG_WARN_RANGE_LOOP_ANALYSIS = YES;
				CLANG_WARN_STRICT_PROTOTYPES = YES;
				CLANG_WARN_SUSPICIOUS_MOVE = YES;
				CLANG_WARN_UNGUARDED_AVAILABILITY = YES_AGGRESSIVE;
				CLANG_WARN_UNREACHABLE_CODE = YES;
				CLANG_WARN__DUPLICATE_METHOD_MATCH = YES;
				COPY_PHASE_STRIP = NO;
				DEBUG_INFORMATION_FORMAT = dwarf;
				ENABLE_STRICT_OBJC_MSGSEND = YES;
				ENABLE_TESTABILITY = YES;
				ENABLE_USER_SCRIPT_SANDBOXING = NO;
				GCC_C_LANGUAGE_STANDARD = gnu17;
				GCC_DYNAMIC_NO_PIC = NO;
				GCC_NO_COMMON_BLOCKS = YES;
				GCC_OPTIMIZATION_LEVEL = 0;
				GCC_PREPROCESSOR_DEFINITIONS = (
					"DEBUG=1",
					"$(inherited)",
				);
				GCC_WARN_64_TO_32_BIT_CONVERSION = YES;
				GCC_WARN_ABOUT_RETURN_TYPE = YES_ERROR;
				GCC_WARN_UNDECLARED_SELECTOR = YES;
				GCC_WARN_UNINITIALIZED_AUTOS = YES_AGGRESSIVE;
				GCC_WARN_UNUSED_FUNCTION = YES;
				GCC_WARN_UNUSED_VARIABLE = YES;
				IPHONEOS_DEPLOYMENT_TARGET = 12.0;
				LOCALIZATION_PREFERS_STRING_CATALOGS = YES;
				MTL_ENABLE_DEBUG_INFO = INCLUDE_SOURCE;
				MTL_FAST_MATH = YES;
				ONLY_ACTIVE_ARCH = YES;
				SDKROOT = iphoneos;
				SWIFT_ACTIVE_COMPILATION_CONDITIONS = "DEBUG $(inherited)";
				SWIFT_OPTIMIZATION_LEVEL = "-Onone";
			};
			name = Debug;
		};
		84B42B252B1DBF4500C08F31 /* Release */ = {
			isa = XCBuildConfiguration;
			buildSettings = {
				ALWAYS_SEARCH_USER_PATHS = NO;
				ASSETCATALOG_COMPILER_GENERATE_SWIFT_ASSET_SYMBOL_EXTENSIONS = YES;
				CLANG_ANALYZER_NONNULL = YES;
				CLANG_ANALYZER_NUMBER_OBJECT_CONVERSION = YES_AGGRESSIVE;
				CLANG_CXX_LANGUAGE_STANDARD = "gnu++20";
				CLANG_ENABLE_MODULES = YES;
				CLANG_ENABLE_OBJC_ARC = YES;
				CLANG_ENABLE_OBJC_WEAK = YES;
				CLANG_WARN_BLOCK_CAPTURE_AUTORELEASING = YES;
				CLANG_WARN_BOOL_CONVERSION = YES;
				CLANG_WARN_COMMA = YES;
				CLANG_WARN_CONSTANT_CONVERSION = YES;
				CLANG_WARN_DEPRECATED_OBJC_IMPLEMENTATIONS = YES;
				CLANG_WARN_DIRECT_OBJC_ISA_USAGE = YES_ERROR;
				CLANG_WARN_DOCUMENTATION_COMMENTS = YES;
				CLANG_WARN_EMPTY_BODY = YES;
				CLANG_WARN_ENUM_CONVERSION = YES;
				CLANG_WARN_INFINITE_RECURSION = YES;
				CLANG_WARN_INT_CONVERSION = YES;
				CLANG_WARN_NON_LITERAL_NULL_CONVERSION = YES;
				CLANG_WARN_OBJC_IMPLICIT_RETAIN_SELF = YES;
				CLANG_WARN_OBJC_LITERAL_CONVERSION = YES;
				CLANG_WARN_OBJC_ROOT_CLASS = YES_ERROR;
				CLANG_WARN_QUOTED_INCLUDE_IN_FRAMEWORK_HEADER = YES;
				CLANG_WARN_RANGE_LOOP_ANALYSIS = YES;
				CLANG_WARN_STRICT_PROTOTYPES = YES;
				CLANG_WARN_SUSPICIOUS_MOVE = YES;
				CLANG_WARN_UNGUARDED_AVAILABILITY = YES_AGGRESSIVE;
				CLANG_WARN_UNREACHABLE_CODE = YES;
				CLANG_WARN__DUPLICATE_METHOD_MATCH = YES;
				COPY_PHASE_STRIP = NO;
				DEBUG_INFORMATION_FORMAT = "dwarf-with-dsym";
				ENABLE_NS_ASSERTIONS = NO;
				ENABLE_STRICT_OBJC_MSGSEND = YES;
				ENABLE_USER_SCRIPT_SANDBOXING = NO;
				GCC_C_LANGUAGE_STANDARD = gnu17;
				GCC_NO_COMMON_BLOCKS = YES;
				GCC_WARN_64_TO_32_BIT_CONVERSION = YES;
				GCC_WARN_ABOUT_RETURN_TYPE = YES_ERROR;
				GCC_WARN_UNDECLARED_SELECTOR = YES;
				GCC_WARN_UNINITIALIZED_AUTOS = YES_AGGRESSIVE;
				GCC_WARN_UNUSED_FUNCTION = YES;
				GCC_WARN_UNUSED_VARIABLE = YES;
				IPHONEOS_DEPLOYMENT_TARGET = 12.0;
				LOCALIZATION_PREFERS_STRING_CATALOGS = YES;
				MTL_ENABLE_DEBUG_INFO = NO;
				MTL_FAST_MATH = YES;
				SDKROOT = iphoneos;
				SWIFT_COMPILATION_MODE = wholemodule;
				VALIDATE_PRODUCT = YES;
			};
			name = Release;
		};
		84B42B272B1DBF4500C08F31 /* Debug */ = {
			isa = XCBuildConfiguration;
			baseConfigurationReference = 4950AA062976F71594D6F98E /* Pods-GreekWords.debug.xcconfig */;
			buildSettings = {
				ASSETCATALOG_COMPILER_APPICON_NAME = AppIcon;
				ASSETCATALOG_COMPILER_GLOBAL_ACCENT_COLOR_NAME = AccentColor;
				CODE_SIGN_STYLE = Automatic;
				CURRENT_PROJECT_VERSION = 1;
				DEVELOPMENT_TEAM = H2L9U6M2SX;
				GENERATE_INFOPLIST_FILE = YES;
				INFOPLIST_FILE = GreekWords/Info.plist;
				INFOPLIST_KEY_CFBundleDisplayName = "Greek Words";
				INFOPLIST_KEY_LSApplicationCategoryType = "public.app-category.education";
				INFOPLIST_KEY_UIApplicationSupportsIndirectInputEvents = YES;
				INFOPLIST_KEY_UILaunchStoryboardName = LaunchScreen;
				INFOPLIST_KEY_UISupportedInterfaceOrientations = UIInterfaceOrientationPortrait;
				INFOPLIST_KEY_UISupportedInterfaceOrientations_iPad = "UIInterfaceOrientationPortrait UIInterfaceOrientationPortraitUpsideDown";
				IPHONEOS_DEPLOYMENT_TARGET = 14;
				LD_RUNPATH_SEARCH_PATHS = (
					"$(inherited)",
					"@executable_path/Frameworks",
				);
				MARKETING_VERSION = 1.4;
				PRODUCT_BUNDLE_IDENTIFIER = "cy.azonaz.greek-words-a1";
				PRODUCT_NAME = "$(TARGET_NAME)";
				SUPPORTED_PLATFORMS = "iphoneos iphonesimulator";
				SUPPORTS_MACCATALYST = NO;
				SUPPORTS_MAC_DESIGNED_FOR_IPHONE_IPAD = NO;
				SWIFT_EMIT_LOC_STRINGS = YES;
				SWIFT_VERSION = 5.0;
				TARGETED_DEVICE_FAMILY = "1,2";
			};
			name = Debug;
		};
		84B42B282B1DBF4500C08F31 /* Release */ = {
			isa = XCBuildConfiguration;
			baseConfigurationReference = 381702026782DC1308885D5E /* Pods-GreekWords.release.xcconfig */;
			buildSettings = {
				ASSETCATALOG_COMPILER_APPICON_NAME = AppIcon;
				ASSETCATALOG_COMPILER_GLOBAL_ACCENT_COLOR_NAME = AccentColor;
				CODE_SIGN_STYLE = Automatic;
				CURRENT_PROJECT_VERSION = 1;
				DEVELOPMENT_TEAM = H2L9U6M2SX;
				GENERATE_INFOPLIST_FILE = YES;
				INFOPLIST_FILE = GreekWords/Info.plist;
				INFOPLIST_KEY_CFBundleDisplayName = "Greek Words";
				INFOPLIST_KEY_LSApplicationCategoryType = "public.app-category.education";
				INFOPLIST_KEY_UIApplicationSupportsIndirectInputEvents = YES;
				INFOPLIST_KEY_UILaunchStoryboardName = LaunchScreen;
				INFOPLIST_KEY_UISupportedInterfaceOrientations = UIInterfaceOrientationPortrait;
				INFOPLIST_KEY_UISupportedInterfaceOrientations_iPad = "UIInterfaceOrientationPortrait UIInterfaceOrientationPortraitUpsideDown";
				IPHONEOS_DEPLOYMENT_TARGET = 14;
				LD_RUNPATH_SEARCH_PATHS = (
					"$(inherited)",
					"@executable_path/Frameworks",
				);
				MARKETING_VERSION = 1.4;
				PRODUCT_BUNDLE_IDENTIFIER = "cy.azonaz.greek-words-a1";
				PRODUCT_NAME = "$(TARGET_NAME)";
				SUPPORTED_PLATFORMS = "iphoneos iphonesimulator";
				SUPPORTS_MACCATALYST = NO;
				SUPPORTS_MAC_DESIGNED_FOR_IPHONE_IPAD = NO;
				SWIFT_EMIT_LOC_STRINGS = YES;
				SWIFT_VERSION = 5.0;
				TARGETED_DEVICE_FAMILY = "1,2";
			};
			name = Release;
		};
/* End XCBuildConfiguration section */

/* Begin XCConfigurationList section */
		84B42B0D2B1DBF4400C08F31 /* Build configuration list for PBXProject "GreekWords" */ = {
			isa = XCConfigurationList;
			buildConfigurations = (
				84B42B242B1DBF4500C08F31 /* Debug */,
				84B42B252B1DBF4500C08F31 /* Release */,
			);
			defaultConfigurationIsVisible = 0;
			defaultConfigurationName = Release;
		};
		84B42B262B1DBF4500C08F31 /* Build configuration list for PBXNativeTarget "GreekWords" */ = {
			isa = XCConfigurationList;
			buildConfigurations = (
				84B42B272B1DBF4500C08F31 /* Debug */,
				84B42B282B1DBF4500C08F31 /* Release */,
			);
			defaultConfigurationIsVisible = 0;
			defaultConfigurationName = Release;
		};
/* End XCConfigurationList section */
	};
	rootObject = 84B42B0A2B1DBF4400C08F31 /* Project object */;
}
